
Microsoft Visual Studio Solution File, Format Version 12.00
# Visual Studio 2012
Project("{FAE04EC0-301F-11D3-BF4B-00C04F79EFBC}") = "c-sharp-tutorial", "c-sharp-tutorial\c-sharp-tutorial.csproj", "{62DEB7D7-19B5-4D4D-8EB9-29808A159204}"
EndProject
Global
	GlobalSection(SolutionConfigurationPlatforms) = preSolution
		Debug|Any CPU = Debug|Any CPU
		Release|Any CPU = Release|Any CPU
	EndGlobalSection
	GlobalSection(ProjectConfigurationPlatforms) = postSolution
		{62DEB7D7-19B5-4D4D-8EB9-29808A159204}.Debug|Any CPU.ActiveCfg = Debug|Any CPU
		{62DEB7D7-19B5-4D4D-8EB9-29808A159204}.Debug|Any CPU.Build.0 = Debug|Any CPU
		{62DEB7D7-19B5-4D4D-8EB9-29808A159204}.Release|Any CPU.ActiveCfg = Release|Any CPU
		{62DEB7D7-19B5-4D4D-8EB9-29808A159204}.Release|Any CPU.Build.0 = Release|Any CPU
	EndGlobalSection
EndGlobal
